{
  "name": "study-log-cli",
  "version": "0.3.0",
  "lockfileVersion": 3,
  "requires": true,
  "packages": {
    "": {
      "name": "study-log-cli",
      "version": "0.3.0",
      "license": "MIT",
      "bin": {
        "studylog": "src/cli.js"
      },
      "engines": {
        "node": ">=20"
      }
    }
  }
}
